// !$*UTF8*$!
{
	archiveVersion = 1;
	classes = {
	};
	objectVersion = 46;
	objects = {

/* Begin PBXBuildFile section */
		9A478E6E1E5A8B81002F6453 /* ExampleDataManager.m in Sources */ = {isa = PBXBuildFile; fileRef = 9A478E6D1E5A8B81002F6453 /* ExampleDataManager.m */; };
		9A478E711E5ABE1B002F6453 /* UITableView+CCUtil.m in Sources */ = {isa = PBXBuildFile; fileRef = 9A478E701E5ABE1B002F6453 /* UITableView+CCUtil.m */; };
		9A478E781E5ACB70002F6453 /* ExampleDynamicHeightCell.m in Sources */ = {isa = PBXBuildFile; fileRef = 9A478E761E5ACB70002F6453 /* ExampleDynamicHeightCell.m */; };
		9A478E791E5ACB70002F6453 /* ExampleDynamicHeightCell.xib in Resources */ = {isa = PBXBuildFile; fileRef = 9A478E771E5ACB70002F6453 /* ExampleDynamicHeightCell.xib */; };
		9A6165EE1E5422B300630A83 /* main.m in Sources */ = {isa = PBXBuildFile; fileRef = 9A6165ED1E5422B300630A83 /* main.m */; };
		9A6165F11E5422B300630A83 /* AppDelegate.m in Sources */ = {isa = PBXBuildFile; fileRef = 9A6165F01E5422B300630A83 /* AppDelegate.m */; };
		9A6165F41E5422B300630A83 /* ViewController.m in Sources */ = {isa = PBXBuildFile; fileRef = 9A6165F31E5422B300630A83 /* ViewController.m */; };
		9A6165F71E5422B300630A83 /* Main.storyboard in Resources */ = {isa = PBXBuildFile; fileRef = 9A6165F51E5422B300630A83 /* Main.storyboard */; };
		9A6165F91E5422B300630A83 /* Assets.xcassets in Resources */ = {isa = PBXBuildFile; fileRef = 9A6165F81E5422B300630A83 /* Assets.xcassets */; };
		9A6165FC1E5422B300630A83 /* LaunchScreen.storyboard in Resources */ = {isa = PBXBuildFile; fileRef = 9A6165FA1E5422B300630A83 /* LaunchScreen.storyboard */; };
		9A6166071E5422B300630A83 /* CCTableDataSourceDemoTests.m in Sources */ = {isa = PBXBuildFile; fileRef = 9A6166061E5422B300630A83 /* CCTableDataSourceDemoTests.m */; };
		9A6166121E5422B300630A83 /* CCTableDataSourceDemoUITests.m in Sources */ = {isa = PBXBuildFile; fileRef = 9A6166111E5422B300630A83 /* CCTableDataSourceDemoUITests.m */; };
		9A7307921E56FB260083AB0E /* MKAnnotationView+WebCache.m in Sources */ = {isa = PBXBuildFile; fileRef = 9A7307721E56FB260083AB0E /* MKAnnotationView+WebCache.m */; };
		9A7307931E56FB260083AB0E /* NSData+ImageContentType.m in Sources */ = {isa = PBXBuildFile; fileRef = 9A7307741E56FB260083AB0E /* NSData+ImageContentType.m */; };
		9A7307941E56FB260083AB0E /* SDImageCache.m in Sources */ = {isa = PBXBuildFile; fileRef = 9A7307761E56FB260083AB0E /* SDImageCache.m */; };
		9A7307951E56FB260083AB0E /* SDWebImageCompat.m in Sources */ = {isa = PBXBuildFile; fileRef = 9A7307781E56FB260083AB0E /* SDWebImageCompat.m */; };
		9A7307961E56FB260083AB0E /* SDWebImageDecoder.m in Sources */ = {isa = PBXBuildFile; fileRef = 9A73077A1E56FB260083AB0E /* SDWebImageDecoder.m */; };
		9A7307971E56FB260083AB0E /* SDWebImageDownloader.m in Sources */ = {isa = PBXBuildFile; fileRef = 9A73077C1E56FB260083AB0E /* SDWebImageDownloader.m */; };
		9A7307981E56FB260083AB0E /* SDWebImageDownloaderOperation.m in Sources */ = {isa = PBXBuildFile; fileRef = 9A73077E1E56FB260083AB0E /* SDWebImageDownloaderOperation.m */; };
		9A7307991E56FB260083AB0E /* SDWebImageManager.m in Sources */ = {isa = PBXBuildFile; fileRef = 9A7307801E56FB260083AB0E /* SDWebImageManager.m */; };
		9A73079A1E56FB260083AB0E /* SDWebImagePrefetcher.m in Sources */ = {isa = PBXBuildFile; fileRef = 9A7307831E56FB260083AB0E /* SDWebImagePrefetcher.m */; };
		9A73079B1E56FB260083AB0E /* UIButton+WebCache.m in Sources */ = {isa = PBXBuildFile; fileRef = 9A7307851E56FB260083AB0E /* UIButton+WebCache.m */; };
		9A73079C1E56FB260083AB0E /* UIImage+GIF.m in Sources */ = {isa = PBXBuildFile; fileRef = 9A7307871E56FB260083AB0E /* UIImage+GIF.m */; };
		9A73079D1E56FB260083AB0E /* UIImage+MultiFormat.m in Sources */ = {isa = PBXBuildFile; fileRef = 9A7307891E56FB260083AB0E /* UIImage+MultiFormat.m */; };
		9A73079E1E56FB260083AB0E /* UIImage+WebP.m in Sources */ = {isa = PBXBuildFile; fileRef = 9A73078B1E56FB260083AB0E /* UIImage+WebP.m */; };
		9A73079F1E56FB260083AB0E /* UIImageView+HighlightedWebCache.m in Sources */ = {isa = PBXBuildFile; fileRef = 9A73078D1E56FB260083AB0E /* UIImageView+HighlightedWebCache.m */; };
		9A7307A01E56FB260083AB0E /* UIImageView+WebCache.m in Sources */ = {isa = PBXBuildFile; fileRef = 9A73078F1E56FB260083AB0E /* UIImageView+WebCache.m */; };
		9A7307A11E56FB260083AB0E /* UIView+WebCacheOperation.m in Sources */ = {isa = PBXBuildFile; fileRef = 9A7307911E56FB260083AB0E /* UIView+WebCacheOperation.m */; };
		9A7307B41E56FCC70083AB0E /* CCBaseTableFooterView.m in Sources */ = {isa = PBXBuildFile; fileRef = 9A7307A41E56FCC70083AB0E /* CCBaseTableFooterView.m */; };
		9A7307B51E56FCC70083AB0E /* CCBaseTableHeaderView.m in Sources */ = {isa = PBXBuildFile; fileRef = 9A7307A61E56FCC70083AB0E /* CCBaseTableHeaderView.m */; };
		9A7307B71E56FCC70083AB0E /* CCBaseTableViewCell.m in Sources */ = {isa = PBXBuildFile; fileRef = 9A7307AA1E56FCC70083AB0E /* CCBaseTableViewCell.m */; };
		9A7307B81E56FCC70083AB0E /* CCTableDataItem.m in Sources */ = {isa = PBXBuildFile; fileRef = 9A7307AC1E56FCC70083AB0E /* CCTableDataItem.m */; };
		9A7307B91E56FCC70083AB0E /* CCTableViewDataSource.m in Sources */ = {isa = PBXBuildFile; fileRef = 9A7307AF1E56FCC70083AB0E /* CCTableViewDataSource.m */; };
		9A7307BA1E56FCC70083AB0E /* CCTableViewDelegate.m in Sources */ = {isa = PBXBuildFile; fileRef = 9A7307B11E56FCC70083AB0E /* CCTableViewDelegate.m */; };
		9A7307BB1E56FCC70083AB0E /* UIView+CCUtil.m in Sources */ = {isa = PBXBuildFile; fileRef = 9A7307B31E56FCC70083AB0E /* UIView+CCUtil.m */; };
		9A7307C51E56FCE30083AB0E /* ExampleCell.m in Sources */ = {isa = PBXBuildFile; fileRef = 9A7307BD1E56FCE30083AB0E /* ExampleCell.m */; };
		9A7307C61E56FCE30083AB0E /* ExampleCell.xib in Resources */ = {isa = PBXBuildFile; fileRef = 9A7307BE1E56FCE30083AB0E /* ExampleCell.xib */; };
		9A7307C71E56FCE30083AB0E /* ExampleFooterView.m in Sources */ = {isa = PBXBuildFile; fileRef = 9A7307C01E56FCE30083AB0E /* ExampleFooterView.m */; };
		9A7307C81E56FCE30083AB0E /* ExampleFooterView.xib in Resources */ = {isa = PBXBuildFile; fileRef = 9A7307C11E56FCE30083AB0E /* ExampleFooterView.xib */; };
		9A7307C91E56FCE30083AB0E /* ExampleHeaderView.m in Sources */ = {isa = PBXBuildFile; fileRef = 9A7307C31E56FCE30083AB0E /* ExampleHeaderView.m */; };
		9A7307CA1E56FCE30083AB0E /* ExampleHeaderView.xib in Resources */ = {isa = PBXBuildFile; fileRef = 9A7307C41E56FCE30083AB0E /* ExampleHeaderView.xib */; };
/* End PBXBuildFile section */

/* Begin PBXContainerItemProxy section */
		9A6166031E5422B300630A83 /* PBXContainerItemProxy */ = {
			isa = PBXContainerItemProxy;
			containerPortal = 9A6165E11E5422B300630A83 /* Project object */;
			proxyType = 1;
			remoteGlobalIDString = 9A6165E81E5422B300630A83;
			remoteInfo = CCTableDataSourceDemo;
		};
		9A61660E1E5422B300630A83 /* PBXContainerItemProxy */ = {
			isa = PBXContainerItemProxy;
			containerPortal = 9A6165E11E5422B300630A83 /* Project object */;
			proxyType = 1;
			remoteGlobalIDString = 9A6165E81E5422B300630A83;
			remoteInfo = CCTableDataSourceDemo;
		};
/* End PBXContainerItemProxy section */

/* Begin PBXFileReference section */
		9A478E6C1E5A8B81002F6453 /* ExampleDataManager.h */ = {isa = PBXFileReference; fileEncoding = 4; lastKnownFileType = sourcecode.c.h; path = ExampleDataManager.h; sourceTree = "<group>"; };
		9A478E6D1E5A8B81002F6453 /* ExampleDataManager.m */ = {isa = PBXFileReference; fileEncoding = 4; lastKnownFileType = sourcecode.c.objc; path = ExampleDataManager.m; sourceTree = "<group>"; };
		9A478E6F1E5ABE1B002F6453 /* UITableView+CCUtil.h */ = {isa = PBXFileReference; fileEncoding = 4; lastKnownFileType = sourcecode.c.h; path = "UITableView+CCUtil.h"; sourceTree = "<group>"; };
		9A478E701E5ABE1B002F6453 /* UITableView+CCUtil.m */ = {isa = PBXFileReference; fileEncoding = 4; lastKnownFileType = sourcecode.c.objc; path = "UITableView+CCUtil.m"; sourceTree = "<group>"; };
		9A478E751E5ACB70002F6453 /* ExampleDynamicHeightCell.h */ = {isa = PBXFileReference; fileEncoding = 4; lastKnownFileType = sourcecode.c.h; path = ExampleDynamicHeightCell.h; sourceTree = "<group>"; };
		9A478E761E5ACB70002F6453 /* ExampleDynamicHeightCell.m */ = {isa = PBXFileReference; fileEncoding = 4; lastKnownFileType = sourcecode.c.objc; path = ExampleDynamicHeightCell.m; sourceTree = "<group>"; };
		9A478E771E5ACB70002F6453 /* ExampleDynamicHeightCell.xib */ = {isa = PBXFileReference; fileEncoding = 4; lastKnownFileType = file.xib; path = ExampleDynamicHeightCell.xib; sourceTree = "<group>"; };
		9A6165E91E5422B300630A83 /* CCTableDataSourceDemo.app */ = {isa = PBXFileReference; explicitFileType = wrapper.application; includeInIndex = 0; path = CCTableDataSourceDemo.app; sourceTree = BUILT_PRODUCTS_DIR; };
		9A6165ED1E5422B300630A83 /* main.m */ = {isa = PBXFileReference; lastKnownFileType = sourcecode.c.objc; path = main.m; sourceTree = "<group>"; };
		9A6165EF1E5422B300630A83 /* AppDelegate.h */ = {isa = PBXFileReference; lastKnownFileType = sourcecode.c.h; path = AppDelegate.h; sourceTree = "<group>"; };
		9A6165F01E5422B300630A83 /* AppDelegate.m */ = {isa = PBXFileReference; lastKnownFileType = sourcecode.c.objc; path = AppDelegate.m; sourceTree = "<group>"; };
		9A6165F21E5422B300630A83 /* ViewController.h */ = {isa = PBXFileReference; lastKnownFileType = sourcecode.c.h; path = ViewController.h; sourceTree = "<group>"; };
		9A6165F31E5422B300630A83 /* ViewController.m */ = {isa = PBXFileReference; lastKnownFileType = sourcecode.c.objc; path = ViewController.m; sourceTree = "<group>"; };
		9A6165F61E5422B300630A83 /* Base */ = {isa = PBXFileReference; lastKnownFileType = file.storyboard; name = Base; path = Base.lproj/Main.storyboard; sourceTree = "<group>"; };
		9A6165F81E5422B300630A83 /* Assets.xcassets */ = {isa = PBXFileReference; lastKnownFileType = folder.assetcatalog; path = Assets.xcassets; sourceTree = "<group>"; };
		9A6165FB1E5422B300630A83 /* Base */ = {isa = PBXFileReference; lastKnownFileType = file.storyboard; name = Base; path = Base.lproj/LaunchScreen.storyboard; sourceTree = "<group>"; };
		9A6165FD1E5422B300630A83 /* Info.plist */ = {isa = PBXFileReference; lastKnownFileType = text.plist.xml; path = Info.plist; sourceTree = "<group>"; };
		9A6166021E5422B300630A83 /* CCTableDataSourceDemoTests.xctest */ = {isa = PBXFileReference; explicitFileType = wrapper.cfbundle; includeInIndex = 0; path = CCTableDataSourceDemoTests.xctest; sourceTree = BUILT_PRODUCTS_DIR; };
		9A6166061E5422B300630A83 /* CCTableDataSourceDemoTests.m */ = {isa = PBXFileReference; lastKnownFileType = sourcecode.c.objc; path = CCTableDataSourceDemoTests.m; sourceTree = "<group>"; };
		9A6166081E5422B300630A83 /* Info.plist */ = {isa = PBXFileReference; lastKnownFileType = text.plist.xml; path = Info.plist; sourceTree = "<group>"; };
		9A61660D1E5422B300630A83 /* CCTableDataSourceDemoUITests.xctest */ = {isa = PBXFileReference; explicitFileType = wrapper.cfbundle; includeInIndex = 0; path = CCTableDataSourceDemoUITests.xctest; sourceTree = BUILT_PRODUCTS_DIR; };
		9A6166111E5422B300630A83 /* CCTableDataSourceDemoUITests.m */ = {isa = PBXFileReference; lastKnownFileType = sourcecode.c.objc; path = CCTableDataSourceDemoUITests.m; sourceTree = "<group>"; };
		9A6166131E5422B300630A83 /* Info.plist */ = {isa = PBXFileReference; lastKnownFileType = text.plist.xml; path = Info.plist; sourceTree = "<group>"; };
		9A7307711E56FB260083AB0E /* MKAnnotationView+WebCache.h */ = {isa = PBXFileReference; fileEncoding = 4; lastKnownFileType = sourcecode.c.h; path = "MKAnnotationView+WebCache.h"; sourceTree = "<group>"; };
		9A7307721E56FB260083AB0E /* MKAnnotationView+WebCache.m */ = {isa = PBXFileReference; fileEncoding = 4; lastKnownFileType = sourcecode.c.objc; path = "MKAnnotationView+WebCache.m"; sourceTree = "<group>"; };
		9A7307731E56FB260083AB0E /* NSData+ImageContentType.h */ = {isa = PBXFileReference; fileEncoding = 4; lastKnownFileType = sourcecode.c.h; path = "NSData+ImageContentType.h"; sourceTree = "<group>"; };
		9A7307741E56FB260083AB0E /* NSData+ImageContentType.m */ = {isa = PBXFileReference; fileEncoding = 4; lastKnownFileType = sourcecode.c.objc; path = "NSData+ImageContentType.m"; sourceTree = "<group>"; };
		9A7307751E56FB260083AB0E /* SDImageCache.h */ = {isa = PBXFileReference; fileEncoding = 4; lastKnownFileType = sourcecode.c.h; path = SDImageCache.h; sourceTree = "<group>"; };
		9A7307761E56FB260083AB0E /* SDImageCache.m */ = {isa = PBXFileReference; fileEncoding = 4; lastKnownFileType = sourcecode.c.objc; path = SDImageCache.m; sourceTree = "<group>"; };
		9A7307771E56FB260083AB0E /* SDWebImageCompat.h */ = {isa = PBXFileReference; fileEncoding = 4; lastKnownFileType = sourcecode.c.h; path = SDWebImageCompat.h; sourceTree = "<group>"; };
		9A7307781E56FB260083AB0E /* SDWebImageCompat.m */ = {isa = PBXFileReference; fileEncoding = 4; lastKnownFileType = sourcecode.c.objc; path = SDWebImageCompat.m; sourceTree = "<group>"; };
		9A7307791E56FB260083AB0E /* SDWebImageDecoder.h */ = {isa = PBXFileReference; fileEncoding = 4; lastKnownFileType = sourcecode.c.h; path = SDWebImageDecoder.h; sourceTree = "<group>"; };
		9A73077A1E56FB260083AB0E /* SDWebImageDecoder.m */ = {isa = PBXFileReference; fileEncoding = 4; lastKnownFileType = sourcecode.c.objc; path = SDWebImageDecoder.m; sourceTree = "<group>"; };
		9A73077B1E56FB260083AB0E /* SDWebImageDownloader.h */ = {isa = PBXFileReference; fileEncoding = 4; lastKnownFileType = sourcecode.c.h; path = SDWebImageDownloader.h; sourceTree = "<group>"; };
		9A73077C1E56FB260083AB0E /* SDWebImageDownloader.m */ = {isa = PBXFileReference; fileEncoding = 4; lastKnownFileType = sourcecode.c.objc; path = SDWebImageDownloader.m; sourceTree = "<group>"; };
		9A73077D1E56FB260083AB0E /* SDWebImageDownloaderOperation.h */ = {isa = PBXFileReference; fileEncoding = 4; lastKnownFileType = sourcecode.c.h; path = SDWebImageDownloaderOperation.h; sourceTree = "<group>"; };
		9A73077E1E56FB260083AB0E /* SDWebImageDownloaderOperation.m */ = {isa = PBXFileReference; fileEncoding = 4; lastKnownFileType = sourcecode.c.objc; path = SDWebImageDownloaderOperation.m; sourceTree = "<group>"; };
		9A73077F1E56FB260083AB0E /* SDWebImageManager.h */ = {isa = PBXFileReference; fileEncoding = 4; lastKnownFileType = sourcecode.c.h; path = SDWebImageManager.h; sourceTree = "<group>"; };
		9A7307801E56FB260083AB0E /* SDWebImageManager.m */ = {isa = PBXFileReference; fileEncoding = 4; lastKnownFileType = sourcecode.c.objc; path = SDWebImageManager.m; sourceTree = "<group>"; };
		9A7307811E56FB260083AB0E /* SDWebImageOperation.h */ = {isa = PBXFileReference; fileEncoding = 4; lastKnownFileType = sourcecode.c.h; path = SDWebImageOperation.h; sourceTree = "<group>"; };
		9A7307821E56FB260083AB0E /* SDWebImagePrefetcher.h */ = {isa = PBXFileReference; fileEncoding = 4; lastKnownFileType = sourcecode.c.h; path = SDWebImagePrefetcher.h; sourceTree = "<group>"; };
		9A7307831E56FB260083AB0E /* SDWebImagePrefetcher.m */ = {isa = PBXFileReference; fileEncoding = 4; lastKnownFileType = sourcecode.c.objc; path = SDWebImagePrefetcher.m; sourceTree = "<group>"; };
		9A7307841E56FB260083AB0E /* UIButton+WebCache.h */ = {isa = PBXFileReference; fileEncoding = 4; lastKnownFileType = sourcecode.c.h; path = "UIButton+WebCache.h"; sourceTree = "<group>"; };
		9A7307851E56FB260083AB0E /* UIButton+WebCache.m */ = {isa = PBXFileReference; fileEncoding = 4; lastKnownFileType = sourcecode.c.objc; path = "UIButton+WebCache.m"; sourceTree = "<group>"; };
		9A7307861E56FB260083AB0E /* UIImage+GIF.h */ = {isa = PBXFileReference; fileEncoding = 4; lastKnownFileType = sourcecode.c.h; path = "UIImage+GIF.h"; sourceTree = "<group>"; };
		9A7307871E56FB260083AB0E /* UIImage+GIF.m */ = {isa = PBXFileReference; fileEncoding = 4; lastKnownFileType = sourcecode.c.objc; path = "UIImage+GIF.m"; sourceTree = "<group>"; };
		9A7307881E56FB260083AB0E /* UIImage+MultiFormat.h */ = {isa = PBXFileReference; fileEncoding = 4; lastKnownFileType = sourcecode.c.h; path = "UIImage+MultiFormat.h"; sourceTree = "<group>"; };
		9A7307891E56FB260083AB0E /* UIImage+MultiFormat.m */ = {isa = PBXFileReference; fileEncoding = 4; lastKnownFileType = sourcecode.c.objc; path = "UIImage+MultiFormat.m"; sourceTree = "<group>"; };
		9A73078A1E56FB260083AB0E /* UIImage+WebP.h */ = {isa = PBXFileReference; fileEncoding = 4; lastKnownFileType = sourcecode.c.h; path = "UIImage+WebP.h"; sourceTree = "<group>"; };
		9A73078B1E56FB260083AB0E /* UIImage+WebP.m */ = {isa = PBXFileReference; fileEncoding = 4; lastKnownFileType = sourcecode.c.objc; path = "UIImage+WebP.m"; sourceTree = "<group>"; };
		9A73078C1E56FB260083AB0E /* UIImageView+HighlightedWebCache.h */ = {isa = PBXFileReference; fileEncoding = 4; lastKnownFileType = sourcecode.c.h; path = "UIImageView+HighlightedWebCache.h"; sourceTree = "<group>"; };
		9A73078D1E56FB260083AB0E /* UIImageView+HighlightedWebCache.m */ = {isa = PBXFileReference; fileEncoding = 4; lastKnownFileType = sourcecode.c.objc; path = "UIImageView+HighlightedWebCache.m"; sourceTree = "<group>"; };
		9A73078E1E56FB260083AB0E /* UIImageView+WebCache.h */ = {isa = PBXFileReference; fileEncoding = 4; lastKnownFileType = sourcecode.c.h; path = "UIImageView+WebCache.h"; sourceTree = "<group>"; };
		9A73078F1E56FB260083AB0E /* UIImageView+WebCache.m */ = {isa = PBXFileReference; fileEncoding = 4; lastKnownFileType = sourcecode.c.objc; path = "UIImageView+WebCache.m"; sourceTree = "<group>"; };
		9A7307901E56FB260083AB0E /* UIView+WebCacheOperation.h */ = {isa = PBXFileReference; fileEncoding = 4; lastKnownFileType = sourcecode.c.h; path = "UIView+WebCacheOperation.h"; sourceTree = "<group>"; };
		9A7307911E56FB260083AB0E /* UIView+WebCacheOperation.m */ = {isa = PBXFileReference; fileEncoding = 4; lastKnownFileType = sourcecode.c.objc; path = "UIView+WebCacheOperation.m"; sourceTree = "<group>"; };
		9A7307A31E56FCC70083AB0E /* CCBaseTableFooterView.h */ = {isa = PBXFileReference; fileEncoding = 4; lastKnownFileType = sourcecode.c.h; path = CCBaseTableFooterView.h; sourceTree = "<group>"; };
		9A7307A41E56FCC70083AB0E /* CCBaseTableFooterView.m */ = {isa = PBXFileReference; fileEncoding = 4; lastKnownFileType = sourcecode.c.objc; path = CCBaseTableFooterView.m; sourceTree = "<group>"; };
		9A7307A51E56FCC70083AB0E /* CCBaseTableHeaderView.h */ = {isa = PBXFileReference; fileEncoding = 4; lastKnownFileType = sourcecode.c.h; path = CCBaseTableHeaderView.h; sourceTree = "<group>"; };
		9A7307A61E56FCC70083AB0E /* CCBaseTableHeaderView.m */ = {isa = PBXFileReference; fileEncoding = 4; lastKnownFileType = sourcecode.c.objc; path = CCBaseTableHeaderView.m; sourceTree = "<group>"; };
		9A7307A91E56FCC70083AB0E /* CCBaseTableViewCell.h */ = {isa = PBXFileReference; fileEncoding = 4; lastKnownFileType = sourcecode.c.h; path = CCBaseTableViewCell.h; sourceTree = "<group>"; };
		9A7307AA1E56FCC70083AB0E /* CCBaseTableViewCell.m */ = {isa = PBXFileReference; fileEncoding = 4; lastKnownFileType = sourcecode.c.objc; path = CCBaseTableViewCell.m; sourceTree = "<group>"; };
		9A7307AB1E56FCC70083AB0E /* CCTableDataItem.h */ = {isa = PBXFileReference; fileEncoding = 4; lastKnownFileType = sourcecode.c.h; path = CCTableDataItem.h; sourceTree = "<group>"; };
		9A7307AC1E56FCC70083AB0E /* CCTableDataItem.m */ = {isa = PBXFileReference; fileEncoding = 4; lastKnownFileType = sourcecode.c.objc; path = CCTableDataItem.m; sourceTree = "<group>"; };
		9A7307AD1E56FCC70083AB0E /* CCTableDataSourceHeader.h */ = {isa = PBXFileReference; fileEncoding = 4; lastKnownFileType = sourcecode.c.h; path = CCTableDataSourceHeader.h; sourceTree = "<group>"; };
		9A7307AE1E56FCC70083AB0E /* CCTableViewDataSource.h */ = {isa = PBXFileReference; fileEncoding = 4; lastKnownFileType = sourcecode.c.h; path = CCTableViewDataSource.h; sourceTree = "<group>"; };
		9A7307AF1E56FCC70083AB0E /* CCTableViewDataSource.m */ = {isa = PBXFileReference; fileEncoding = 4; lastKnownFileType = sourcecode.c.objc; path = CCTableViewDataSource.m; sourceTree = "<group>"; };
		9A7307B01E56FCC70083AB0E /* CCTableViewDelegate.h */ = {isa = PBXFileReference; fileEncoding = 4; lastKnownFileType = sourcecode.c.h; path = CCTableViewDelegate.h; sourceTree = "<group>"; };
		9A7307B11E56FCC70083AB0E /* CCTableViewDelegate.m */ = {isa = PBXFileReference; fileEncoding = 4; lastKnownFileType = sourcecode.c.objc; path = CCTableViewDelegate.m; sourceTree = "<group>"; };
		9A7307B21E56FCC70083AB0E /* UIView+CCUtil.h */ = {isa = PBXFileReference; fileEncoding = 4; lastKnownFileType = sourcecode.c.h; path = "UIView+CCUtil.h"; sourceTree = "<group>"; };
		9A7307B31E56FCC70083AB0E /* UIView+CCUtil.m */ = {isa = PBXFileReference; fileEncoding = 4; lastKnownFileType = sourcecode.c.objc; path = "UIView+CCUtil.m"; sourceTree = "<group>"; };
		9A7307BC1E56FCE30083AB0E /* ExampleCell.h */ = {isa = PBXFileReference; fileEncoding = 4; lastKnownFileType = sourcecode.c.h; path = ExampleCell.h; sourceTree = "<group>"; };
		9A7307BD1E56FCE30083AB0E /* ExampleCell.m */ = {isa = PBXFileReference; fileEncoding = 4; lastKnownFileType = sourcecode.c.objc; path = ExampleCell.m; sourceTree = "<group>"; };
		9A7307BE1E56FCE30083AB0E /* ExampleCell.xib */ = {isa = PBXFileReference; fileEncoding = 4; lastKnownFileType = file.xib; path = ExampleCell.xib; sourceTree = "<group>"; };
		9A7307BF1E56FCE30083AB0E /* ExampleFooterView.h */ = {isa = PBXFileReference; fileEncoding = 4; lastKnownFileType = sourcecode.c.h; path = ExampleFooterView.h; sourceTree = "<group>"; };
		9A7307C01E56FCE30083AB0E /* ExampleFooterView.m */ = {isa = PBXFileReference; fileEncoding = 4; lastKnownFileType = sourcecode.c.objc; path = ExampleFooterView.m; sourceTree = "<group>"; };
		9A7307C11E56FCE30083AB0E /* ExampleFooterView.xib */ = {isa = PBXFileReference; fileEncoding = 4; lastKnownFileType = file.xib; path = ExampleFooterView.xib; sourceTree = "<group>"; };
		9A7307C21E56FCE30083AB0E /* ExampleHeaderView.h */ = {isa = PBXFileReference; fileEncoding = 4; lastKnownFileType = sourcecode.c.h; path = ExampleHeaderView.h; sourceTree = "<group>"; };
		9A7307C31E56FCE30083AB0E /* ExampleHeaderView.m */ = {isa = PBXFileReference; fileEncoding = 4; lastKnownFileType = sourcecode.c.objc; path = ExampleHeaderView.m; sourceTree = "<group>"; };
		9A7307C41E56FCE30083AB0E /* ExampleHeaderView.xib */ = {isa = PBXFileReference; fileEncoding = 4; lastKnownFileType = file.xib; path = ExampleHeaderView.xib; sourceTree = "<group>"; };
/* End PBXFileReference section */

/* Begin PBXFrameworksBuildPhase section */
		9A6165E61E5422B300630A83 /* Frameworks */ = {
			isa = PBXFrameworksBuildPhase;
			buildActionMask = 2147483647;
			files = (
			);
			runOnlyForDeploymentPostprocessing = 0;
		};
		9A6165FF1E5422B300630A83 /* Frameworks */ = {
			isa = PBXFrameworksBuildPhase;
			buildActionMask = 2147483647;
			files = (
			);
			runOnlyForDeploymentPostprocessing = 0;
		};
		9A61660A1E5422B300630A83 /* Frameworks */ = {
			isa = PBXFrameworksBuildPhase;
			buildActionMask = 2147483647;
			files = (
			);
			runOnlyForDeploymentPostprocessing = 0;
		};
/* End PBXFrameworksBuildPhase section */

/* Begin PBXGroup section */
		9A6165E01E5422B300630A83 = {
			isa = PBXGroup;
			children = (
				9A6165EB1E5422B300630A83 /* CCTableDataSourceDemo */,
				9A6166051E5422B300630A83 /* CCTableDataSourceDemoTests */,
				9A6166101E5422B300630A83 /* CCTableDataSourceDemoUITests */,
				9A6165EA1E5422B300630A83 /* Products */,
			);
			sourceTree = "<group>";
		};
		9A6165EA1E5422B300630A83 /* Products */ = {
			isa = PBXGroup;
			children = (
				9A6165E91E5422B300630A83 /* CCTableDataSourceDemo.app */,
				9A6166021E5422B300630A83 /* CCTableDataSourceDemoTests.xctest */,
				9A61660D1E5422B300630A83 /* CCTableDataSourceDemoUITests.xctest */,
			);
			name = Products;
			sourceTree = "<group>";
		};
		9A6165EB1E5422B300630A83 /* CCTableDataSourceDemo */ = {
			isa = PBXGroup;
			children = (
				9A7307A21E56FCC70083AB0E /* CCTableDataSource */,
				9A73076F1E56FAEE0083AB0E /* Vendor */,
				9A6165EF1E5422B300630A83 /* AppDelegate.h */,
				9A6165F01E5422B300630A83 /* AppDelegate.m */,
				9A6165F21E5422B300630A83 /* ViewController.h */,
				9A6165F31E5422B300630A83 /* ViewController.m */,
				9A478E6C1E5A8B81002F6453 /* ExampleDataManager.h */,
				9A478E6D1E5A8B81002F6453 /* ExampleDataManager.m */,
				9A7307BC1E56FCE30083AB0E /* ExampleCell.h */,
				9A7307BD1E56FCE30083AB0E /* ExampleCell.m */,
				9A7307BE1E56FCE30083AB0E /* ExampleCell.xib */,
				9A478E751E5ACB70002F6453 /* ExampleDynamicHeightCell.h */,
				9A478E761E5ACB70002F6453 /* ExampleDynamicHeightCell.m */,
				9A478E771E5ACB70002F6453 /* ExampleDynamicHeightCell.xib */,
				9A7307BF1E56FCE30083AB0E /* ExampleFooterView.h */,
				9A7307C01E56FCE30083AB0E /* ExampleFooterView.m */,
				9A7307C11E56FCE30083AB0E /* ExampleFooterView.xib */,
				9A7307C21E56FCE30083AB0E /* ExampleHeaderView.h */,
				9A7307C31E56FCE30083AB0E /* ExampleHeaderView.m */,
				9A7307C41E56FCE30083AB0E /* ExampleHeaderView.xib */,
				9A6165F51E5422B300630A83 /* Main.storyboard */,
				9A6165F81E5422B300630A83 /* Assets.xcassets */,
				9A6165FA1E5422B300630A83 /* LaunchScreen.storyboard */,
				9A6165FD1E5422B300630A83 /* Info.plist */,
				9A6165EC1E5422B300630A83 /* Supporting Files */,
			);
			path = CCTableDataSourceDemo;
			sourceTree = "<group>";
		};
		9A6165EC1E5422B300630A83 /* Supporting Files */ = {
			isa = PBXGroup;
			children = (
				9A6165ED1E5422B300630A83 /* main.m */,
			);
			name = "Supporting Files";
			sourceTree = "<group>";
		};
		9A6166051E5422B300630A83 /* CCTableDataSourceDemoTests */ = {
			isa = PBXGroup;
			children = (
				9A6166061E5422B300630A83 /* CCTableDataSourceDemoTests.m */,
				9A6166081E5422B300630A83 /* Info.plist */,
			);
			path = CCTableDataSourceDemoTests;
			sourceTree = "<group>";
		};
		9A6166101E5422B300630A83 /* CCTableDataSourceDemoUITests */ = {
			isa = PBXGroup;
			children = (
				9A6166111E5422B300630A83 /* CCTableDataSourceDemoUITests.m */,
				9A6166131E5422B300630A83 /* Info.plist */,
			);
			path = CCTableDataSourceDemoUITests;
			sourceTree = "<group>";
		};
		9A73076F1E56FAEE0083AB0E /* Vendor */ = {
			isa = PBXGroup;
			children = (
				9A7307701E56FB260083AB0E /* SDWebImage */,
			);
			name = Vendor;
			sourceTree = "<group>";
		};
		9A7307701E56FB260083AB0E /* SDWebImage */ = {
			isa = PBXGroup;
			children = (
				9A7307711E56FB260083AB0E /* MKAnnotationView+WebCache.h */,
				9A7307721E56FB260083AB0E /* MKAnnotationView+WebCache.m */,
				9A7307731E56FB260083AB0E /* NSData+ImageContentType.h */,
				9A7307741E56FB260083AB0E /* NSData+ImageContentType.m */,
				9A7307751E56FB260083AB0E /* SDImageCache.h */,
				9A7307761E56FB260083AB0E /* SDImageCache.m */,
				9A7307771E56FB260083AB0E /* SDWebImageCompat.h */,
				9A7307781E56FB260083AB0E /* SDWebImageCompat.m */,
				9A7307791E56FB260083AB0E /* SDWebImageDecoder.h */,
				9A73077A1E56FB260083AB0E /* SDWebImageDecoder.m */,
				9A73077B1E56FB260083AB0E /* SDWebImageDownloader.h */,
				9A73077C1E56FB260083AB0E /* SDWebImageDownloader.m */,
				9A73077D1E56FB260083AB0E /* SDWebImageDownloaderOperation.h */,
				9A73077E1E56FB260083AB0E /* SDWebImageDownloaderOperation.m */,
				9A73077F1E56FB260083AB0E /* SDWebImageManager.h */,
				9A7307801E56FB260083AB0E /* SDWebImageManager.m */,
				9A7307811E56FB260083AB0E /* SDWebImageOperation.h */,
				9A7307821E56FB260083AB0E /* SDWebImagePrefetcher.h */,
				9A7307831E56FB260083AB0E /* SDWebImagePrefetcher.m */,
				9A7307841E56FB260083AB0E /* UIButton+WebCache.h */,
				9A7307851E56FB260083AB0E /* UIButton+WebCache.m */,
				9A7307861E56FB260083AB0E /* UIImage+GIF.h */,
				9A7307871E56FB260083AB0E /* UIImage+GIF.m */,
				9A7307881E56FB260083AB0E /* UIImage+MultiFormat.h */,
				9A7307891E56FB260083AB0E /* UIImage+MultiFormat.m */,
				9A73078A1E56FB260083AB0E /* UIImage+WebP.h */,
				9A73078B1E56FB260083AB0E /* UIImage+WebP.m */,
				9A73078C1E56FB260083AB0E /* UIImageView+HighlightedWebCache.h */,
				9A73078D1E56FB260083AB0E /* UIImageView+HighlightedWebCache.m */,
				9A73078E1E56FB260083AB0E /* UIImageView+WebCache.h */,
				9A73078F1E56FB260083AB0E /* UIImageView+WebCache.m */,
				9A7307901E56FB260083AB0E /* UIView+WebCacheOperation.h */,
				9A7307911E56FB260083AB0E /* UIView+WebCacheOperation.m */,
			);
			path = SDWebImage;
			sourceTree = "<group>";
		};
		9A7307A21E56FCC70083AB0E /* CCTableDataSource */ = {
			isa = PBXGroup;
			children = (
				9A7307A31E56FCC70083AB0E /* CCBaseTableFooterView.h */,
				9A7307A41E56FCC70083AB0E /* CCBaseTableFooterView.m */,
				9A7307A51E56FCC70083AB0E /* CCBaseTableHeaderView.h */,
				9A7307A61E56FCC70083AB0E /* CCBaseTableHeaderView.m */,
				9A7307A91E56FCC70083AB0E /* CCBaseTableViewCell.h */,
				9A7307AA1E56FCC70083AB0E /* CCBaseTableViewCell.m */,
				9A7307AB1E56FCC70083AB0E /* CCTableDataItem.h */,
				9A7307AC1E56FCC70083AB0E /* CCTableDataItem.m */,
				9A7307AD1E56FCC70083AB0E /* CCTableDataSourceHeader.h */,
				9A7307AE1E56FCC70083AB0E /* CCTableViewDataSource.h */,
				9A7307AF1E56FCC70083AB0E /* CCTableViewDataSource.m */,
				9A7307B01E56FCC70083AB0E /* CCTableViewDelegate.h */,
				9A7307B11E56FCC70083AB0E /* CCTableViewDelegate.m */,
				9A7307B21E56FCC70083AB0E /* UIView+CCUtil.h */,
				9A7307B31E56FCC70083AB0E /* UIView+CCUtil.m */,
				9A478E6F1E5ABE1B002F6453 /* UITableView+CCUtil.h */,
				9A478E701E5ABE1B002F6453 /* UITableView+CCUtil.m */,
			);
			path = CCTableDataSource;
			sourceTree = "<group>";
		};
/* End PBXGroup section */

/* Begin PBXNativeTarget section */
		9A6165E81E5422B300630A83 /* CCTableDataSourceDemo */ = {
			isa = PBXNativeTarget;
			buildConfigurationList = 9A6166161E5422B300630A83 /* Build configuration list for PBXNativeTarget "CCTableDataSourceDemo" */;
			buildPhases = (
				9A6165E51E5422B300630A83 /* Sources */,
				9A6165E61E5422B300630A83 /* Frameworks */,
				9A6165E71E5422B300630A83 /* Resources */,
			);
			buildRules = (
			);
			dependencies = (
			);
			name = CCTableDataSourceDemo;
			productName = CCTableDataSourceDemo;
			productReference = 9A6165E91E5422B300630A83 /* CCTableDataSourceDemo.app */;
			productType = "com.apple.product-type.application";
		};
		9A6166011E5422B300630A83 /* CCTableDataSourceDemoTests */ = {
			isa = PBXNativeTarget;
			buildConfigurationList = 9A6166191E5422B300630A83 /* Build configuration list for PBXNativeTarget "CCTableDataSourceDemoTests" */;
			buildPhases = (
				9A6165FE1E5422B300630A83 /* Sources */,
				9A6165FF1E5422B300630A83 /* Frameworks */,
				9A6166001E5422B300630A83 /* Resources */,
			);
			buildRules = (
			);
			dependencies = (
				9A6166041E5422B300630A83 /* PBXTargetDependency */,
			);
			name = CCTableDataSourceDemoTests;
			productName = CCTableDataSourceDemoTests;
			productReference = 9A6166021E5422B300630A83 /* CCTableDataSourceDemoTests.xctest */;
			productType = "com.apple.product-type.bundle.unit-test";
		};
		9A61660C1E5422B300630A83 /* CCTableDataSourceDemoUITests */ = {
			isa = PBXNativeTarget;
			buildConfigurationList = 9A61661C1E5422B300630A83 /* Build configuration list for PBXNativeTarget "CCTableDataSourceDemoUITests" */;
			buildPhases = (
				9A6166091E5422B300630A83 /* Sources */,
				9A61660A1E5422B300630A83 /* Frameworks */,
				9A61660B1E5422B300630A83 /* Resources */,
			);
			buildRules = (
			);
			dependencies = (
				9A61660F1E5422B300630A83 /* PBXTargetDependency */,
			);
			name = CCTableDataSourceDemoUITests;
			productName = CCTableDataSourceDemoUITests;
			productReference = 9A61660D1E5422B300630A83 /* CCTableDataSourceDemoUITests.xctest */;
			productType = "com.apple.product-type.bundle.ui-testing";
		};
/* End PBXNativeTarget section */

/* Begin PBXProject section */
		9A6165E11E5422B300630A83 /* Project object */ = {
			isa = PBXProject;
			attributes = {
				CLASSPREFIX = CC;
				LastUpgradeCheck = 0810;
				ORGANIZATIONNAME = brefChan;
				TargetAttributes = {
					9A6165E81E5422B300630A83 = {
						CreatedOnToolsVersion = 8.1;
						ProvisioningStyle = Manual;
					};
					9A6166011E5422B300630A83 = {
						CreatedOnToolsVersion = 8.1;
						DevelopmentTeam = QG2U2D2S6S;
						ProvisioningStyle = Automatic;
						TestTargetID = 9A6165E81E5422B300630A83;
					};
					9A61660C1E5422B300630A83 = {
						CreatedOnToolsVersion = 8.1;
						DevelopmentTeam = QG2U2D2S6S;
						ProvisioningStyle = Automatic;
						TestTargetID = 9A6165E81E5422B300630A83;
					};
				};
			};
			buildConfigurationList = 9A6165E41E5422B300630A83 /* Build configuration list for PBXProject "CCTableDataSourceDemo" */;
			compatibilityVersion = "Xcode 3.2";
			developmentRegion = English;
			hasScannedForEncodings = 0;
			knownRegions = (
				en,
				Base,
			);
			mainGroup = 9A6165E01E5422B300630A83;
			productRefGroup = 9A6165EA1E5422B300630A83 /* Products */;
			projectDirPath = "";
			projectRoot = "";
			targets = (
				9A6165E81E5422B300630A83 /* CCTableDataSourceDemo */,
				9A6166011E5422B300630A83 /* CCTableDataSourceDemoTests */,
				9A61660C1E5422B300630A83 /* CCTableDataSourceDemoUITests */,
			);
		};
/* End PBXProject section */

/* Begin PBXResourcesBuildPhase section */
		9A6165E71E5422B300630A83 /* Resources */ = {
			isa = PBXResourcesBuildPhase;
			buildActionMask = 2147483647;
			files = (
				9A478E791E5ACB70002F6453 /* ExampleDynamicHeightCell.xib in Resources */,
				9A7307C61E56FCE30083AB0E /* ExampleCell.xib in Resources */,
				9A7307C81E56FCE30083AB0E /* ExampleFooterView.xib in Resources */,
				9A6165FC1E5422B300630A83 /* LaunchScreen.storyboard in Resources */,
				9A6165F91E5422B300630A83 /* Assets.xcassets in Resources */,
				9A7307CA1E56FCE30083AB0E /* ExampleHeaderView.xib in Resources */,
				9A6165F71E5422B300630A83 /* Main.storyboard in Resources */,
			);
			runOnlyForDeploymentPostprocessing = 0;
		};
		9A6166001E5422B300630A83 /* Resources */ = {
			isa = PBXResourcesBuildPhase;
			buildActionMask = 2147483647;
			files = (
			);
			runOnlyForDeploymentPostprocessing = 0;
		};
		9A61660B1E5422B300630A83 /* Resources */ = {
			isa = PBXResourcesBuildPhase;
			buildActionMask = 2147483647;
			files = (
			);
			runOnlyForDeploymentPostprocessing = 0;
		};
/* End PBXResourcesBuildPhase section */

/* Begin PBXSourcesBuildPhase section */
		9A6165E51E5422B300630A83 /* Sources */ = {
			isa = PBXSourcesBuildPhase;
			buildActionMask = 2147483647;
			files = (
				9A7307C51E56FCE30083AB0E /* ExampleCell.m in Sources */,
				9A73079D1E56FB260083AB0E /* UIImage+MultiFormat.m in Sources */,
				9A73079E1E56FB260083AB0E /* UIImage+WebP.m in Sources */,
				9A7307B71E56FCC70083AB0E /* CCBaseTableViewCell.m in Sources */,
				9A7307991E56FB260083AB0E /* SDWebImageManager.m in Sources */,
				9A6165F41E5422B300630A83 /* ViewController.m in Sources */,
				9A7307C91E56FCE30083AB0E /* ExampleHeaderView.m in Sources */,
				9A7307971E56FB260083AB0E /* SDWebImageDownloader.m in Sources */,
				9A7307BA1E56FCC70083AB0E /* CCTableViewDelegate.m in Sources */,
				9A7307B91E56FCC70083AB0E /* CCTableViewDataSource.m in Sources */,
				9A6165F11E5422B300630A83 /* AppDelegate.m in Sources */,
				9A6165EE1E5422B300630A83 /* main.m in Sources */,
				9A7307921E56FB260083AB0E /* MKAnnotationView+WebCache.m in Sources */,
				9A7307BB1E56FCC70083AB0E /* UIView+CCUtil.m in Sources */,
				9A478E711E5ABE1B002F6453 /* UITableView+CCUtil.m in Sources */,
				9A7307931E56FB260083AB0E /* NSData+ImageContentType.m in Sources */,
				9A73079C1E56FB260083AB0E /* UIImage+GIF.m in Sources */,
				9A73079B1E56FB260083AB0E /* UIButton+WebCache.m in Sources */,
				9A73079A1E56FB260083AB0E /* SDWebImagePrefetcher.m in Sources */,
				9A7307961E56FB260083AB0E /* SDWebImageDecoder.m in Sources */,
				9A7307941E56FB260083AB0E /* SDImageCache.m in Sources */,
				9A7307C71E56FCE30083AB0E /* ExampleFooterView.m in Sources */,
				9A7307B51E56FCC70083AB0E /* CCBaseTableHeaderView.m in Sources */,
				9A7307B41E56FCC70083AB0E /* CCBaseTableFooterView.m in Sources */,
				9A7307951E56FB260083AB0E /* SDWebImageCompat.m in Sources */,
				9A7307A11E56FB260083AB0E /* UIView+WebCacheOperation.m in Sources */,
				9A7307981E56FB260083AB0E /* SDWebImageDownloaderOperation.m in Sources */,
				9A478E6E1E5A8B81002F6453 /* ExampleDataManager.m in Sources */,
				9A7307B81E56FCC70083AB0E /* CCTableDataItem.m in Sources */,
				9A7307A01E56FB260083AB0E /* UIImageView+WebCache.m in Sources */,
				9A73079F1E56FB260083AB0E /* UIImageView+HighlightedWebCache.m in Sources */,
				9A478E781E5ACB70002F6453 /* ExampleDynamicHeightCell.m in Sources */,
			);
			runOnlyForDeploymentPostprocessing = 0;
		};
		9A6165FE1E5422B300630A83 /* Sources */ = {
			isa = PBXSourcesBuildPhase;
			buildActionMask = 2147483647;
			files = (
				9A6166071E5422B300630A83 /* CCTableDataSourceDemoTests.m in Sources */,
			);
			runOnlyForDeploymentPostprocessing = 0;
		};
		9A6166091E5422B300630A83 /* Sources */ = {
			isa = PBXSourcesBuildPhase;
			buildActionMask = 2147483647;
			files = (
				9A6166121E5422B300630A83 /* CCTableDataSourceDemoUITests.m in Sources */,
			);
			runOnlyForDeploymentPostprocessing = 0;
		};
/* End PBXSourcesBuildPhase section */

/* Begin PBXTargetDependency section */
		9A6166041E5422B300630A83 /* PBXTargetDependency */ = {
			isa = PBXTargetDependency;
			target = 9A6165E81E5422B300630A83 /* CCTableDataSourceDemo */;
			targetProxy = 9A6166031E5422B300630A83 /* PBXContainerItemProxy */;
		};
		9A61660F1E5422B300630A83 /* PBXTargetDependency */ = {
			isa = PBXTargetDependency;
			target = 9A6165E81E5422B300630A83 /* CCTableDataSourceDemo */;
			targetProxy = 9A61660E1E5422B300630A83 /* PBXContainerItemProxy */;
		};
/* End PBXTargetDependency section */

/* Begin PBXVariantGroup section */
		9A6165F51E5422B300630A83 /* Main.storyboard */ = {
			isa = PBXVariantGroup;
			children = (
				9A6165F61E5422B300630A83 /* Base */,
			);
			name = Main.storyboard;
			sourceTree = "<group>";
		};
		9A6165FA1E5422B300630A83 /* LaunchScreen.storyboard */ = {
			isa = PBXVariantGroup;
			children = (
				9A6165FB1E5422B300630A83 /* Base */,
			);
			name = LaunchScreen.storyboard;
			sourceTree = "<group>";
		};
/* End PBXVariantGroup section */

/* Begin XCBuildConfiguration section */
		9A6166141E5422B300630A83 /* Debug */ = {
			isa = XCBuildConfiguration;
			buildSettings = {
				ALWAYS_SEARCH_USER_PATHS = NO;
				CLANG_ANALYZER_NONNULL = YES;
				CLANG_CXX_LANGUAGE_STANDARD = "gnu++0x";
				CLANG_CXX_LIBRARY = "libc++";
				CLANG_ENABLE_MODULES = YES;
				CLANG_ENABLE_OBJC_ARC = YES;
				CLANG_WARN_BOOL_CONVERSION = YES;
				CLANG_WARN_CONSTANT_CONVERSION = YES;
				CLANG_WARN_DIRECT_OBJC_ISA_USAGE = YES_ERROR;
				CLANG_WARN_DOCUMENTATION_COMMENTS = YES;
				CLANG_WARN_EMPTY_BODY = YES;
				CLANG_WARN_ENUM_CONVERSION = YES;
				CLANG_WARN_INFINITE_RECURSION = YES;
				CLANG_WARN_INT_CONVERSION = YES;
				CLANG_WARN_OBJC_ROOT_CLASS = YES_ERROR;
				CLANG_WARN_SUSPICIOUS_MOVES = YES;
				CLANG_WARN_UNREACHABLE_CODE = YES;
				CLANG_WARN__DUPLICATE_METHOD_MATCH = YES;
				"CODE_SIGN_IDENTITY[sdk=iphoneos*]" = "iPhone Developer";
				COPY_PHASE_STRIP = NO;
				DEBUG_INFORMATION_FORMAT = dwarf;
				ENABLE_STRICT_OBJC_MSGSEND = YES;
				ENABLE_TESTABILITY = YES;
				GCC_C_LANGUAGE_STANDARD = gnu99;
				GCC_DYNAMIC_NO_PIC = NO;
				GCC_NO_COMMON_BLOCKS = YES;
				GCC_OPTIMIZATION_LEVEL = 0;
				GCC_PREPROCESSOR_DEFINITIONS = (
					"DEBUG=1",
					"$(inherited)",
				);
				GCC_WARN_64_TO_32_BIT_CONVERSION = YES;
				GCC_WARN_ABOUT_RETURN_TYPE = YES_ERROR;
				GCC_WARN_UNDECLARED_SELECTOR = YES;
				GCC_WARN_UNINITIALIZED_AUTOS = YES_AGGRESSIVE;
				GCC_WARN_UNUSED_FUNCTION = YES;
				GCC_WARN_UNUSED_VARIABLE = YES;
				IPHONEOS_DEPLOYMENT_TARGET = 8.1;
				MTL_ENABLE_DEBUG_INFO = YES;
				ONLY_ACTIVE_ARCH = YES;
				SDKROOT = iphoneos;
				TARGETED_DEVICE_FAMILY = "1,2";
			};
			name = Debug;
		};
		9A6166151E5422B300630A83 /* Release */ = {
			isa = XCBuildConfiguration;
			buildSettings = {
				ALWAYS_SEARCH_USER_PATHS = NO;
				CLANG_ANALYZER_NONNULL = YES;
				CLANG_CXX_LANGUAGE_STANDARD = "gnu++0x";
				CLANG_CXX_LIBRARY = "libc++";
				CLANG_ENABLE_MODULES = YES;
				CLANG_ENABLE_OBJC_ARC = YES;
				CLANG_WARN_BOOL_CONVERSION = YES;
				CLANG_WARN_CONSTANT_CONVERSION = YES;
				CLANG_WARN_DIRECT_OBJC_ISA_USAGE = YES_ERROR;
				CLANG_WARN_DOCUMENTATION_COMMENTS = YES;
				CLANG_WARN_EMPTY_BODY = YES;
				CLANG_WARN_ENUM_CONVERSION = YES;
				CLANG_WARN_INFINITE_RECURSION = YES;
				CLANG_WARN_INT_CONVERSION = YES;
				CLANG_WARN_OBJC_ROOT_CLASS = YES_ERROR;
				CLANG_WARN_SUSPICIOUS_MOVES = YES;
				CLANG_WARN_UNREACHABLE_CODE = YES;
				CLANG_WARN__DUPLICATE_METHOD_MATCH = YES;
				"CODE_SIGN_IDENTITY[sdk=iphoneos*]" = "iPhone Developer";
				COPY_PHASE_STRIP = NO;
				DEBUG_INFORMATION_FORMAT = "dwarf-with-dsym";
				ENABLE_NS_ASSERTIONS = NO;
				ENABLE_STRICT_OBJC_MSGSEND = YES;
				GCC_C_LANGUAGE_STANDARD = gnu99;
				GCC_NO_COMMON_BLOCKS = YES;
				GCC_WARN_64_TO_32_BIT_CONVERSION = YES;
				GCC_WARN_ABOUT_RETURN_TYPE = YES_ERROR;
				GCC_WARN_UNDECLARED_SELECTOR = YES;
				GCC_WARN_UNINITIALIZED_AUTOS = YES_AGGRESSIVE;
				GCC_WARN_UNUSED_FUNCTION = YES;
				GCC_WARN_UNUSED_VARIABLE = YES;
				IPHONEOS_DEPLOYMENT_TARGET = 8.1;
				MTL_ENABLE_DEBUG_INFO = NO;
				SDKROOT = iphoneos;
				TARGETED_DEVICE_FAMILY = "1,2";
				VALIDATE_PRODUCT = YES;
			};
			name = Release;
		};
		9A6166171E5422B300630A83 /* Debug */ = {
			isa = XCBuildConfiguration;
			buildSettings = {
				ASSETCATALOG_COMPILER_APPICON_NAME = AppIcon;
				DEVELOPMENT_TEAM = "";
				INFOPLIST_FILE = CCTableDataSourceDemo/Info.plist;
				IPHONEOS_DEPLOYMENT_TARGET = 8.4;
				LD_RUNPATH_SEARCH_PATHS = "$(inherited) @executable_path/Frameworks";
				PRODUCT_BUNDLE_IDENTIFIER = bref.CCTableDataSourceDemo;
				PRODUCT_NAME = "$(TARGET_NAME)";
			};
			name = Debug;
		};
		9A6166181E5422B300630A83 /* Release */ = {
			isa = XCBuildConfiguration;
			buildSettings = {
				ASSETCATALOG_COMPILER_APPICON_NAME = AppIcon;
				DEVELOPMENT_TEAM = "";
				INFOPLIST_FILE = CCTableDataSourceDemo/Info.plist;
				IPHONEOS_DEPLOYMENT_TARGET = 8.4;
				LD_RUNPATH_SEARCH_PATHS = "$(inherited) @executable_path/Frameworks";
				PRODUCT_BUNDLE_IDENTIFIER = bref.CCTableDataSourceDemo;
				PRODUCT_NAME = "$(TARGET_NAME)";
			};
			name = Release;
		};
		9A61661A1E5422B300630A83 /* Debug */ = {
			isa = XCBuildConfiguration;
			buildSettings = {
				BUNDLE_LOADER = "$(TEST_HOST)";
				DEVELOPMENT_TEAM = QG2U2D2S6S;
				INFOPLIST_FILE = CCTableDataSourceDemoTests/Info.plist;
				LD_RUNPATH_SEARCH_PATHS = "$(inherited) @executable_path/Frameworks @loader_path/Frameworks";
				PRODUCT_BUNDLE_IDENTIFIER = ehome.CCTableDataSourceDemoTests;
				PRODUCT_NAME = "$(TARGET_NAME)";
				TEST_HOST = "$(BUILT_PRODUCTS_DIR)/CCTableDataSourceDemo.app/CCTableDataSourceDemo";
			};
			name = Debug;
		};
		9A61661B1E5422B300630A83 /* Release */ = {
			isa = XCBuildConfiguration;
			buildSettings = {
				BUNDLE_LOADER = "$(TEST_HOST)";
				DEVELOPMENT_TEAM = QG2U2D2S6S;
				INFOPLIST_FILE = CCTableDataSourceDemoTests/Info.plist;
				LD_RUNPATH_SEARCH_PATHS = "$(inherited) @executable_path/Frameworks @loader_path/Frameworks";
				PRODUCT_BUNDLE_IDENTIFIER = ehome.CCTableDataSourceDemoTests;
				PRODUCT_NAME = "$(TARGET_NAME)";
				TEST_HOST = "$(BUILT_PRODUCTS_DIR)/CCTableDataSourceDemo.app/CCTableDataSourceDemo";
			};
			name = Release;
		};
		9A61661D1E5422B300630A83 /* Debug */ = {
			isa = XCBuildConfiguration;
			buildSettings = {
				DEVELOPMENT_TEAM = QG2U2D2S6S;
				INFOPLIST_FILE = CCTableDataSourceDemoUITests/Info.plist;
				LD_RUNPATH_SEARCH_PATHS = "$(inherited) @executable_path/Frameworks @loader_path/Frameworks";
				PRODUCT_BUNDLE_IDENTIFIER = ehome.CCTableDataSourceDemoUITests;
				PRODUCT_NAME = "$(TARGET_NAME)";
				TEST_TARGET_NAME = CCTableDataSourceDemo;
			};
			name = Debug;
		};
		9A61661E1E5422B300630A83 /* Release */ = {
			isa = XCBuildConfiguration;
			buildSettings = {
				DEVELOPMENT_TEAM = QG2U2D2S6S;
				INFOPLIST_FILE = CCTableDataSourceDemoUITests/Info.plist;
				LD_RUNPATH_SEARCH_PATHS = "$(inherited) @executable_path/Frameworks @loader_path/Frameworks";
				PRODUCT_BUNDLE_IDENTIFIER = ehome.CCTableDataSourceDemoUITests;
				PRODUCT_NAME = "$(TARGET_NAME)";
				TEST_TARGET_NAME = CCTableDataSourceDemo;
			};
			name = Release;
		};
/* End XCBuildConfiguration section */

/* Begin XCConfigurationList section */
		9A6165E41E5422B300630A83 /* Build configuration list for PBXProject "CCTableDataSourceDemo" */ = {
			isa = XCConfigurationList;
			buildConfigurations = (
				9A6166141E5422B300630A83 /* Debug */,
				9A6166151E5422B300630A83 /* Release */,
			);
			defaultConfigurationIsVisible = 0;
			defaultConfigurationName = Release;
		};
		9A6166161E5422B300630A83 /* Build configuration list for PBXNativeTarget "CCTableDataSourceDemo" */ = {
			isa = XCConfigurationList;
			buildConfigurations = (
				9A6166171E5422B300630A83 /* Debug */,
				9A6166181E5422B300630A83 /* Release */,
			);
			defaultConfigurationIsVisible = 0;
			defaultConfigurationName = Release;
		};
		9A6166191E5422B300630A83 /* Build configuration list for PBXNativeTarget "CCTableDataSourceDemoTests" */ = {
			isa = XCConfigurationList;
			buildConfigurations = (
				9A61661A1E5422B300630A83 /* Debug */,
				9A61661B1E5422B300630A83 /* Release */,
			);
			defaultConfigurationIsVisible = 0;
			defaultConfigurationName = Release;
		};
		9A61661C1E5422B300630A83 /* Build configuration list for PBXNativeTarget "CCTableDataSourceDemoUITests" */ = {
			isa = XCConfigurationList;
			buildConfigurations = (
				9A61661D1E5422B300630A83 /* Debug */,
				9A61661E1E5422B300630A83 /* Release */,
			);
			defaultConfigurationIsVisible = 0;
			defaultConfigurationName = Release;
		};
/* End XCConfigurationList section */
	};
	rootObject = 9A6165E11E5422B300630A83 /* Project object */;
}
